// !$*UTF8*$!
{
	archiveVersion = 1;
	classes = {
	};
	objectVersion = 56;
	objects = {

/* Begin PBXBuildFile section */
		E718A4312A8238730071CB11 /* ToDoTask.swift in Sources */ = {isa = PBXBuildFile; fileRef = E718A4302A8238730071CB11 /* ToDoTask.swift */; };
		E718A4332A825D1B0071CB11 /* ToDoCustomCell.swift in Sources */ = {isa = PBXBuildFile; fileRef = E718A4322A825D1B0071CB11 /* ToDoCustomCell.swift */; };
		E77558A52A78D677006FCC7D /* AppDelegate.swift in Sources */ = {isa = PBXBuildFile; fileRef = E77558A42A78D677006FCC7D /* AppDelegate.swift */; };
		E77558A72A78D677006FCC7D /* SceneDelegate.swift in Sources */ = {isa = PBXBuildFile; fileRef = E77558A62A78D677006FCC7D /* SceneDelegate.swift */; };
		E77558A92A78D677006FCC7D /* MainViewController.swift in Sources */ = {isa = PBXBuildFile; fileRef = E77558A82A78D677006FCC7D /* MainViewController.swift */; };
		E77558AC2A78D677006FCC7D /* Main.storyboard in Resources */ = {isa = PBXBuildFile; fileRef = E77558AA2A78D677006FCC7D /* Main.storyboard */; };
		E77558AE2A78D679006FCC7D /* Assets.xcassets in Resources */ = {isa = PBXBuildFile; fileRef = E77558AD2A78D679006FCC7D /* Assets.xcassets */; };
		E77558B12A78D679006FCC7D /* LaunchScreen.storyboard in Resources */ = {isa = PBXBuildFile; fileRef = E77558AF2A78D679006FCC7D /* LaunchScreen.storyboard */; };
		E7CC06B62A82A4650004AB2F /* CompletedCustomCell.swift in Sources */ = {isa = PBXBuildFile; fileRef = E7CC06B52A82A4650004AB2F /* CompletedCustomCell.swift */; };
		E7CC06B92A83E6E50004AB2F /* StringExtensions.swift in Sources */ = {isa = PBXBuildFile; fileRef = E7CC06B82A83E6E50004AB2F /* StringExtensions.swift */; };
		E7EA171D2A7B567F0017440A /* ToDoViewController.swift in Sources */ = {isa = PBXBuildFile; fileRef = E7EA171C2A7B567F0017440A /* ToDoViewController.swift */; };
		E7EA171F2A7B56A80017440A /* CompletedViewController.swift in Sources */ = {isa = PBXBuildFile; fileRef = E7EA171E2A7B56A80017440A /* CompletedViewController.swift */; };
/* End PBXBuildFile section */

/* Begin PBXFileReference section */
		E718A4302A8238730071CB11 /* ToDoTask.swift */ = {isa = PBXFileReference; lastKnownFileType = sourcecode.swift; path = ToDoTask.swift; sourceTree = "<group>"; };
		E718A4322A825D1B0071CB11 /* ToDoCustomCell.swift */ = {isa = PBXFileReference; lastKnownFileType = sourcecode.swift; path = ToDoCustomCell.swift; sourceTree = "<group>"; };
		E77558A12A78D677006FCC7D /* TODO.app */ = {isa = PBXFileReference; explicitFileType = wrapper.application; includeInIndex = 0; path = TODO.app; sourceTree = BUILT_PRODUCTS_DIR; };
		E77558A42A78D677006FCC7D /* AppDelegate.swift */ = {isa = PBXFileReference; lastKnownFileType = sourcecode.swift; path = AppDelegate.swift; sourceTree = "<group>"; };
		E77558A62A78D677006FCC7D /* SceneDelegate.swift */ = {isa = PBXFileReference; lastKnownFileType = sourcecode.swift; path = SceneDelegate.swift; sourceTree = "<group>"; };
		E77558A82A78D677006FCC7D /* MainViewController.swift */ = {isa = PBXFileReference; lastKnownFileType = sourcecode.swift; path = MainViewController.swift; sourceTree = "<group>"; };
		E77558AB2A78D677006FCC7D /* Base */ = {isa = PBXFileReference; lastKnownFileType = file.storyboard; name = Base; path = Base.lproj/Main.storyboard; sourceTree = "<group>"; };
		E77558AD2A78D679006FCC7D /* Assets.xcassets */ = {isa = PBXFileReference; lastKnownFileType = folder.assetcatalog; path = Assets.xcassets; sourceTree = "<group>"; };
		E77558B02A78D679006FCC7D /* Base */ = {isa = PBXFileReference; lastKnownFileType = file.storyboard; name = Base; path = Base.lproj/LaunchScreen.storyboard; sourceTree = "<group>"; };
		E77558B22A78D679006FCC7D /* Info.plist */ = {isa = PBXFileReference; lastKnownFileType = text.plist.xml; path = Info.plist; sourceTree = "<group>"; };
		E7CC06B52A82A4650004AB2F /* CompletedCustomCell.swift */ = {isa = PBXFileReference; lastKnownFileType = sourcecode.swift; path = CompletedCustomCell.swift; sourceTree = "<group>"; };
		E7CC06B82A83E6E50004AB2F /* StringExtensions.swift */ = {isa = PBXFileReference; lastKnownFileType = sourcecode.swift; name = StringExtensions.swift; path = ../../../../../StringExtensions.swift; sourceTree = "<group>"; };
		E7EA171C2A7B567F0017440A /* ToDoViewController.swift */ = {isa = PBXFileReference; lastKnownFileType = sourcecode.swift; path = ToDoViewController.swift; sourceTree = "<group>"; };
		E7EA171E2A7B56A80017440A /* CompletedViewController.swift */ = {isa = PBXFileReference; lastKnownFileType = sourcecode.swift; path = CompletedViewController.swift; sourceTree = "<group>"; };
/* End PBXFileReference section */

/* Begin PBXFrameworksBuildPhase section */
		E775589E2A78D677006FCC7D /* Frameworks */ = {
			isa = PBXFrameworksBuildPhase;
			buildActionMask = 2147483647;
			files = (
			);
			runOnlyForDeploymentPostprocessing = 0;
		};
/* End PBXFrameworksBuildPhase section */

/* Begin PBXGroup section */
		E718A42D2A8237D30071CB11 /* Models */ = {
			isa = PBXGroup;
			children = (
				E718A4302A8238730071CB11 /* ToDoTask.swift */,
			);
			path = Models;
			sourceTree = "<group>";
		};
		E718A4342A825D660071CB11 /* ViewControllers */ = {
			isa = PBXGroup;
			children = (
				E77558A82A78D677006FCC7D /* MainViewController.swift */,
				E7EA171C2A7B567F0017440A /* ToDoViewController.swift */,
				E7EA171E2A7B56A80017440A /* CompletedViewController.swift */,
			);
			path = ViewControllers;
			sourceTree = "<group>";
		};
		E77558982A78D677006FCC7D = {
			isa = PBXGroup;
			children = (
				E77558A32A78D677006FCC7D /* TODO */,
				E77558A22A78D677006FCC7D /* Products */,
			);
			sourceTree = "<group>";
		};
		E77558A22A78D677006FCC7D /* Products */ = {
			isa = PBXGroup;
			children = (
				E77558A12A78D677006FCC7D /* TODO.app */,
			);
			name = Products;
			sourceTree = "<group>";
		};
		E77558A32A78D677006FCC7D /* TODO */ = {
			isa = PBXGroup;
			children = (
				E77558A42A78D677006FCC7D /* AppDelegate.swift */,
				E77558A62A78D677006FCC7D /* SceneDelegate.swift */,
				E718A42D2A8237D30071CB11 /* Models */,
				E7EA17202A7B571F0017440A /* Views */,
				E718A4342A825D660071CB11 /* ViewControllers */,
				E7CC06B72A83E67B0004AB2F /* Extensions */,
				E77558AA2A78D677006FCC7D /* Main.storyboard */,
				E77558AF2A78D679006FCC7D /* LaunchScreen.storyboard */,
				E77558AD2A78D679006FCC7D /* Assets.xcassets */,
				E77558B22A78D679006FCC7D /* Info.plist */,
			);
			path = TODO;
			sourceTree = "<group>";
		};
		E7CC06B72A83E67B0004AB2F /* Extensions */ = {
			isa = PBXGroup;
			children = (
				E7CC06B82A83E6E50004AB2F /* StringExtensions.swift */,
			);
			path = Extensions;
			sourceTree = "<group>";
		};
		E7EA17202A7B571F0017440A /* Views */ = {
			isa = PBXGroup;
			children = (
				E718A4322A825D1B0071CB11 /* ToDoCustomCell.swift */,
				E7CC06B52A82A4650004AB2F /* CompletedCustomCell.swift */,
			);
			path = Views;
			sourceTree = "<group>";
		};
/* End PBXGroup section */

/* Begin PBXNativeTarget section */
		E77558A02A78D677006FCC7D /* TODO */ = {
			isa = PBXNativeTarget;
			buildConfigurationList = E77558B52A78D679006FCC7D /* Build configuration list for PBXNativeTarget "TODO" */;
			buildPhases = (
				E775589D2A78D677006FCC7D /* Sources */,
				E775589E2A78D677006FCC7D /* Frameworks */,
				E775589F2A78D677006FCC7D /* Resources */,
			);
			buildRules = (
			);
			dependencies = (
			);
			name = TODO;
			productName = TODO;
			productReference = E77558A12A78D677006FCC7D /* TODO.app */;
			productType = "com.apple.product-type.application";
		};
/* End PBXNativeTarget section */

/* Begin PBXProject section */
		E77558992A78D677006FCC7D /* Project object */ = {
			isa = PBXProject;
			attributes = {
				BuildIndependentTargetsInParallel = 1;
				LastSwiftUpdateCheck = 1430;
				LastUpgradeCheck = 1430;
				TargetAttributes = {
					E77558A02A78D677006FCC7D = {
						CreatedOnToolsVersion = 14.3.1;
					};
				};
			};
			buildConfigurationList = E775589C2A78D677006FCC7D /* Build configuration list for PBXProject "TODO" */;
			compatibilityVersion = "Xcode 14.0";
			developmentRegion = en;
			hasScannedForEncodings = 0;
			knownRegions = (
				en,
				Base,
			);
			mainGroup = E77558982A78D677006FCC7D;
			productRefGroup = E77558A22A78D677006FCC7D /* Products */;
			projectDirPath = "";
			projectRoot = "";
			targets = (
				E77558A02A78D677006FCC7D /* TODO */,
			);
		};
/* End PBXProject section */

/* Begin PBXResourcesBuildPhase section */
		E775589F2A78D677006FCC7D /* Resources */ = {
			isa = PBXResourcesBuildPhase;
			buildActionMask = 2147483647;
			files = (
				E77558B12A78D679006FCC7D /* LaunchScreen.storyboard in Resources */,
				E77558AE2A78D679006FCC7D /* Assets.xcassets in Resources */,
				E77558AC2A78D677006FCC7D /* Main.storyboard in Resources */,
			);
			runOnlyForDeploymentPostprocessing = 0;
		};
/* End PBXResourcesBuildPhase section */

/* Begin PBXSourcesBuildPhase section */
		E775589D2A78D677006FCC7D /* Sources */ = {
			isa = PBXSourcesBuildPhase;
			buildActionMask = 2147483647;
			files = (
				E7EA171D2A7B567F0017440A /* ToDoViewController.swift in Sources */,
				E77558A92A78D677006FCC7D /* MainViewController.swift in Sources */,
				E718A4312A8238730071CB11 /* ToDoTask.swift in Sources */,
				E7CC06B92A83E6E50004AB2F /* StringExtensions.swift in Sources */,
				E77558A52A78D677006FCC7D /* AppDelegate.swift in Sources */,
				E7CC06B62A82A4650004AB2F /* CompletedCustomCell.swift in Sources */,
				E77558A72A78D677006FCC7D /* SceneDelegate.swift in Sources */,
				E718A4332A825D1B0071CB11 /* ToDoCustomCell.swift in Sources */,
				E7EA171F2A7B56A80017440A /* CompletedViewController.swift in Sources */,
			);
			runOnlyForDeploymentPostprocessing = 0;
		};
/* End PBXSourcesBuildPhase section */

/* Begin PBXVariantGroup section */
		E77558AA2A78D677006FCC7D /* Main.storyboard */ = {
			isa = PBXVariantGroup;
			children = (
				E77558AB2A78D677006FCC7D /* Base */,
			);
			name = Main.storyboard;
			sourceTree = "<group>";
		};
		E77558AF2A78D679006FCC7D /* LaunchScreen.storyboard */ = {
			isa = PBXVariantGroup;
			children = (
				E77558B02A78D679006FCC7D /* Base */,
			);
			name = LaunchScreen.storyboard;
			sourceTree = "<group>";
		};
/* End PBXVariantGroup section */

/* Begin XCBuildConfiguration section */
		E77558B32A78D679006FCC7D /* Debug */ = {
			isa = XCBuildConfiguration;
			buildSettings = {
				ALWAYS_SEARCH_USER_PATHS = NO;
				CLANG_ANALYZER_NONNULL = YES;
				CLANG_ANALYZER_NUMBER_OBJECT_CONVERSION = YES_AGGRESSIVE;
				CLANG_CXX_LANGUAGE_STANDARD = "gnu++20";
				CLANG_ENABLE_MODULES = YES;
				CLANG_ENABLE_OBJC_ARC = YES;
				CLANG_ENABLE_OBJC_WEAK = YES;
				CLANG_WARN_BLOCK_CAPTURE_AUTORELEASING = YES;
				CLANG_WARN_BOOL_CONVERSION = YES;
				CLANG_WARN_COMMA = YES;
				CLANG_WARN_CONSTANT_CONVERSION = YES;
				CLANG_WARN_DEPRECATED_OBJC_IMPLEMENTATIONS = YES;
				CLANG_WARN_DIRECT_OBJC_ISA_USAGE = YES_ERROR;
				CLANG_WARN_DOCUMENTATION_COMMENTS = YES;
				CLANG_WARN_EMPTY_BODY = YES;
				CLANG_WARN_ENUM_CONVERSION = YES;
				CLANG_WARN_INFINITE_RECURSION = YES;
				CLANG_WARN_INT_CONVERSION = YES;
				CLANG_WARN_NON_LITERAL_NULL_CONVERSION = YES;
				CLANG_WARN_OBJC_IMPLICIT_RETAIN_SELF = YES;
				CLANG_WARN_OBJC_LITERAL_CONVERSION = YES;
				CLANG_WARN_OBJC_ROOT_CLASS = YES_ERROR;
				CLANG_WARN_QUOTED_INCLUDE_IN_FRAMEWORK_HEADER = YES;
				CLANG_WARN_RANGE_LOOP_ANALYSIS = YES;
				CLANG_WARN_STRICT_PROTOTYPES = YES;
				CLANG_WARN_SUSPICIOUS_MOVE = YES;
				CLANG_WARN_UNGUARDED_AVAILABILITY = YES_AGGRESSIVE;
				CLANG_WARN_UNREACHABLE_CODE = YES;
				CLANG_WARN__DUPLICATE_METHOD_MATCH = YES;
				COPY_PHASE_STRIP = NO;
				DEBUG_INFORMATION_FORMAT = dwarf;
				ENABLE_STRICT_OBJC_MSGSEND = YES;
				ENABLE_TESTABILITY = YES;
				GCC_C_LANGUAGE_STANDARD = gnu11;
				GCC_DYNAMIC_NO_PIC = NO;
				GCC_NO_COMMON_BLOCKS = YES;
				GCC_OPTIMIZATION_LEVEL = 0;
				GCC_PREPROCESSOR_DEFINITIONS = (
					"DEBUG=1",
					"$(inherited)",
				);
				GCC_WARN_64_TO_32_BIT_CONVERSION = YES;
				GCC_WARN_ABOUT_RETURN_TYPE = YES_ERROR;
				GCC_WARN_UNDECLARED_SELECTOR = YES;
				GCC_WARN_UNINITIALIZED_AUTOS = YES_AGGRESSIVE;
				GCC_WARN_UNUSED_FUNCTION = YES;
				GCC_WARN_UNUSED_VARIABLE = YES;
				IPHONEOS_DEPLOYMENT_TARGET = 16.4;
				MTL_ENABLE_DEBUG_INFO = INCLUDE_SOURCE;
				MTL_FAST_MATH = YES;
				ONLY_ACTIVE_ARCH = YES;
				SDKROOT = iphoneos;
				SWIFT_ACTIVE_COMPILATION_CONDITIONS = DEBUG;
				SWIFT_OPTIMIZATION_LEVEL = "-Onone";
			};
			name = Debug;
		};
		E77558B42A78D679006FCC7D /* Release */ = {
			isa = XCBuildConfiguration;
			buildSettings = {
				ALWAYS_SEARCH_USER_PATHS = NO;
				CLANG_ANALYZER_NONNULL = YES;
				CLANG_ANALYZER_NUMBER_OBJECT_CONVERSION = YES_AGGRESSIVE;
				CLANG_CXX_LANGUAGE_STANDARD = "gnu++20";
				CLANG_ENABLE_MODULES = YES;
				CLANG_ENABLE_OBJC_ARC = YES;
				CLANG_ENABLE_OBJC_WEAK = YES;
				CLANG_WARN_BLOCK_CAPTURE_AUTORELEASING = YES;
				CLANG_WARN_BOOL_CONVERSION = YES;
				CLANG_WARN_COMMA = YES;
				CLANG_WARN_CONSTANT_CONVERSION = YES;
				CLANG_WARN_DEPRECATED_OBJC_IMPLEMENTATIONS = YES;
				CLANG_WARN_DIRECT_OBJC_ISA_USAGE = YES_ERROR;
				CLANG_WARN_DOCUMENTATION_COMMENTS = YES;
				CLANG_WARN_EMPTY_BODY = YES;
				CLANG_WARN_ENUM_CONVERSION = YES;
				CLANG_WARN_INFINITE_RECURSION = YES;
				CLANG_WARN_INT_CONVERSION = YES;
				CLANG_WARN_NON_LITERAL_NULL_CONVERSION = YES;
				CLANG_WARN_OBJC_IMPLICIT_RETAIN_SELF = YES;
				CLANG_WARN_OBJC_LITERAL_CONVERSION = YES;
				CLANG_WARN_OBJC_ROOT_CLASS = YES_ERROR;
				CLANG_WARN_QUOTED_INCLUDE_IN_FRAMEWORK_HEADER = YES;
				CLANG_WARN_RANGE_LOOP_ANALYSIS = YES;
				CLANG_WARN_STRICT_PROTOTYPES = YES;
				CLANG_WARN_SUSPICIOUS_MOVE = YES;
				CLANG_WARN_UNGUARDED_AVAILABILITY = YES_AGGRESSIVE;
				CLANG_WARN_UNREACHABLE_CODE = YES;
				CLANG_WARN__DUPLICATE_METHOD_MATCH = YES;
				COPY_PHASE_STRIP = NO;
				DEBUG_INFORMATION_FORMAT = "dwarf-with-dsym";
				ENABLE_NS_ASSERTIONS = NO;
				ENABLE_STRICT_OBJC_MSGSEND = YES;
				GCC_C_LANGUAGE_STANDARD = gnu11;
				GCC_NO_COMMON_BLOCKS = YES;
				GCC_WARN_64_TO_32_BIT_CONVERSION = YES;
				GCC_WARN_ABOUT_RETURN_TYPE = YES_ERROR;
				GCC_WARN_UNDECLARED_SELECTOR = YES;
				GCC_WARN_UNINITIALIZED_AUTOS = YES_AGGRESSIVE;
				GCC_WARN_UNUSED_FUNCTION = YES;
				GCC_WARN_UNUSED_VARIABLE = YES;
				IPHONEOS_DEPLOYMENT_TARGET = 16.4;
				MTL_ENABLE_DEBUG_INFO = NO;
				MTL_FAST_MATH = YES;
				SDKROOT = iphoneos;
				SWIFT_COMPILATION_MODE = wholemodule;
				SWIFT_OPTIMIZATION_LEVEL = "-O";
				VALIDATE_PRODUCT = YES;
			};
			name = Release;
		};
		E77558B62A78D679006FCC7D /* Debug */ = {
			isa = XCBuildConfiguration;
			buildSettings = {
				ASSETCATALOG_COMPILER_APPICON_NAME = AppIcon;
				ASSETCATALOG_COMPILER_GLOBAL_ACCENT_COLOR_NAME = AccentColor;
				CODE_SIGN_STYLE = Automatic;
				CURRENT_PROJECT_VERSION = 1;
				DEVELOPMENT_TEAM = 6QX787Y3Y6;
				GENERATE_INFOPLIST_FILE = YES;
				INFOPLIST_FILE = TODO/Info.plist;
				INFOPLIST_KEY_UIApplicationSupportsIndirectInputEvents = YES;
				INFOPLIST_KEY_UILaunchStoryboardName = LaunchScreen;
				INFOPLIST_KEY_UIMainStoryboardFile = Main;
				INFOPLIST_KEY_UISupportedInterfaceOrientations_iPad = "UIInterfaceOrientationPortrait UIInterfaceOrientationPortraitUpsideDown UIInterfaceOrientationLandscapeLeft UIInterfaceOrientationLandscapeRight";
				INFOPLIST_KEY_UISupportedInterfaceOrientations_iPhone = "UIInterfaceOrientationPortrait UIInterfaceOrientationLandscapeLeft UIInterfaceOrientationLandscapeRight";
				LD_RUNPATH_SEARCH_PATHS = (
					"$(inherited)",
					"@executable_path/Frameworks",
				);
				MARKETING_VERSION = 1.0;
				PRODUCT_BUNDLE_IDENTIFIER = com.brtr.TODO;
				PRODUCT_NAME = "$(TARGET_NAME)";
				SWIFT_EMIT_LOC_STRINGS = YES;
				SWIFT_VERSION = 5.0;
				TARGETED_DEVICE_FAMILY = "1,2";
			};
			name = Debug;
		};
		E77558B72A78D679006FCC7D /* Release */ = {
			isa = XCBuildConfiguration;
			buildSettings = {
				ASSETCATALOG_COMPILER_APPICON_NAME = AppIcon;
				ASSETCATALOG_COMPILER_GLOBAL_ACCENT_COLOR_NAME = AccentColor;
				CODE_SIGN_STYLE = Automatic;
				CURRENT_PROJECT_VERSION = 1;
				DEVELOPMENT_TEAM = 6QX787Y3Y6;
				GENERATE_INFOPLIST_FILE = YES;
				INFOPLIST_FILE = TODO/Info.plist;
				INFOPLIST_KEY_UIApplicationSupportsIndirectInputEvents = YES;
				INFOPLIST_KEY_UILaunchStoryboardName = LaunchScreen;
				INFOPLIST_KEY_UIMainStoryboardFile = Main;
				INFOPLIST_KEY_UISupportedInterfaceOrientations_iPad = "UIInterfaceOrientationPortrait UIInterfaceOrientationPortraitUpsideDown UIInterfaceOrientationLandscapeLeft UIInterfaceOrientationLandscapeRight";
				INFOPLIST_KEY_UISupportedInterfaceOrientations_iPhone = "UIInterfaceOrientationPortrait UIInterfaceOrientationLandscapeLeft UIInterfaceOrientationLandscapeRight";
				LD_RUNPATH_SEARCH_PATHS = (
					"$(inherited)",
					"@executable_path/Frameworks",
				);
				MARKETING_VERSION = 1.0;
				PRODUCT_BUNDLE_IDENTIFIER = com.brtr.TODO;
				PRODUCT_NAME = "$(TARGET_NAME)";
				SWIFT_EMIT_LOC_STRINGS = YES;
				SWIFT_VERSION = 5.0;
				TARGETED_DEVICE_FAMILY = "1,2";
			};
			name = Release;
		};
/* End XCBuildConfiguration section */

/* Begin XCConfigurationList section */
		E775589C2A78D677006FCC7D /* Build configuration list for PBXProject "TODO" */ = {
			isa = XCConfigurationList;
			buildConfigurations = (
				E77558B32A78D679006FCC7D /* Debug */,
				E77558B42A78D679006FCC7D /* Release */,
			);
			defaultConfigurationIsVisible = 0;
			defaultConfigurationName = Release;
		};
		E77558B52A78D679006FCC7D /* Build configuration list for PBXNativeTarget "TODO" */ = {
			isa = XCConfigurationList;
			buildConfigurations = (
				E77558B62A78D679006FCC7D /* Debug */,
				E77558B72A78D679006FCC7D /* Release */,
			);
			defaultConfigurationIsVisible = 0;
			defaultConfigurationName = Release;
		};
/* End XCConfigurationList section */
	};
	rootObject = E77558992A78D677006FCC7D /* Project object */;
}
